
Microsoft Visual Studio Solution File, Format Version 12.00
# Visual Studio Version 17
VisualStudioVersion = 17.11.35327.3
MinimumVisualStudioVersion = 10.0.40219.1
Project("{FAE04EC0-301F-11D3-BF4B-00C04F79EFBC}") = "Livraria_TI", "Livraria_TI\Livraria_TI.csproj", "{1D4D4CFB-6D7A-47F2-930B-41CEE9267A95}"
EndProject
Project("{00D1A9C2-B5F0-4AF3-8072-F6C62B433612}") = "Livraria", "Livraria\Livraria.sqlproj", "{01556FD6-CC5B-490A-BADB-3971547CE822}"
EndProject
Global
	GlobalSection(SolutionConfigurationPlatforms) = preSolution
		Debug|Any CPU = Debug|Any CPU
		Release|Any CPU = Release|Any CPU
	EndGlobalSection
	GlobalSection(ProjectConfigurationPlatforms) = postSolution
		{1D4D4CFB-6D7A-47F2-930B-41CEE9267A95}.Debug|Any CPU.ActiveCfg = Debug|Any CPU
		{1D4D4CFB-6D7A-47F2-930B-41CEE9267A95}.Debug|Any CPU.Build.0 = Debug|Any CPU
		{1D4D4CFB-6D7A-47F2-930B-41CEE9267A95}.Release|Any CPU.ActiveCfg = Release|Any CPU
		{1D4D4CFB-6D7A-47F2-930B-41CEE9267A95}.Release|Any CPU.Build.0 = Release|Any CPU
		{01556FD6-CC5B-490A-BADB-3971547CE822}.Debug|Any CPU.ActiveCfg = Debug|Any CPU
		{01556FD6-CC5B-490A-BADB-3971547CE822}.Debug|Any CPU.Build.0 = Debug|Any CPU
		{01556FD6-CC5B-490A-BADB-3971547CE822}.Debug|Any CPU.Deploy.0 = Debug|Any CPU
		{01556FD6-CC5B-490A-BADB-3971547CE822}.Release|Any CPU.ActiveCfg = Release|Any CPU
		{01556FD6-CC5B-490A-BADB-3971547CE822}.Release|Any CPU.Build.0 = Release|Any CPU
		{01556FD6-CC5B-490A-BADB-3971547CE822}.Release|Any CPU.Deploy.0 = Release|Any CPU
	EndGlobalSection
	GlobalSection(SolutionProperties) = preSolution
		HideSolutionNode = FALSE
	EndGlobalSection
	GlobalSection(ExtensibilityGlobals) = postSolution
		SolutionGuid = {9C0B200D-65DF-4712-AB01-7824C22311A8}
	EndGlobalSection
EndGlobal
